[[package]]
category = "main"
description = "Simple DNS resolver for asyncio"
marker = "extra == \"speedups\""
name = "aiodns"
optional = false
python-versions = "*"
version = "2.0.0"

[package.dependencies]
pycares = ">=3.0.0"

[[package]]
category = "main"
description = "Async http client/server framework (asyncio)"
name = "aiohttp"
optional = false
python-versions = ">=3.5.3"
version = "3.6.1"

[package.dependencies]
aiodns = "*"
async-timeout = ">=3.0,<4.0"
attrs = ">=17.3.0"
brotlipy = "*"
cchardet = "*"
chardet = ">=2.0,<4.0"
multidict = ">=4.5,<5.0"
yarl = ">=1.0,<2.0"

[[package]]
category = "dev"
description = "A configurable sidebar-enabled Sphinx theme"
name = "alabaster"
optional = false
python-versions = "*"
version = "0.7.12"

[[package]]
category = "dev"
description = "A few extensions to pyyaml."
name = "aspy.yaml"
optional = false
python-versions = ">=2.7, !=3.0.*, !=3.1.*, !=3.2.*, !=3.3.*"
version = "1.3.0"

[package.dependencies]
pyyaml = "*"

[[package]]
category = "main"
description = "Timeout context manager for asyncio programs"
name = "async-timeout"
optional = false
python-versions = ">=3.5.3"
version = "3.0.1"

[[package]]
category = "dev"
description = "Atomic file writes."
name = "atomicwrites"
optional = false
python-versions = ">=2.7, !=3.0.*, !=3.1.*, !=3.2.*, !=3.3.*"
version = "1.3.0"

[[package]]
category = "main"
description = "Classes Without Boilerplate"
name = "attrs"
optional = false
python-versions = ">=2.7, !=3.0.*, !=3.1.*, !=3.2.*, !=3.3.*"
version = "19.1.0"

[[package]]
category = "dev"
description = "Internationalization utilities"
name = "babel"
optional = false
python-versions = ">=2.7, !=3.0.*, !=3.1.*, !=3.2.*, !=3.3.*"
version = "2.7.0"

[package.dependencies]
pytz = ">=2015.7"

[[package]]
category = "main"
description = "Python binding to the Brotli library"
marker = "extra == \"speedups\""
name = "brotlipy"
optional = false
python-versions = "*"
version = "0.7.0"

[package.dependencies]
cffi = ">=1.0.0"

[[package]]
category = "main"
description = "cChardet is high speed universal character encoding detector."
marker = "extra == \"speedups\""
name = "cchardet"
optional = false
python-versions = "*"
version = "2.1.4"

[[package]]
category = "dev"
description = "Python package for providing Mozilla's CA Bundle."
name = "certifi"
optional = false
python-versions = "*"
version = "2019.9.11"

[[package]]
category = "main"
description = "Foreign Function Interface for Python calling C code."
marker = "extra == \"speedups\""
name = "cffi"
optional = false
python-versions = "*"
version = "1.12.3"

[package.dependencies]
pycparser = "*"

[[package]]
category = "dev"
description = "Validate configuration and produce human readable error messages."
name = "cfgv"
optional = false
python-versions = ">=2.7, !=3.0.*, !=3.1.*, !=3.2.*, !=3.3.*"
version = "2.0.1"

[package.dependencies]
six = "*"

[[package]]
category = "main"
description = "Universal encoding detector for Python 2 and 3"
name = "chardet"
optional = false
python-versions = "*"
version = "3.0.4"

[[package]]
category = "main"
description = "Composable command line interface toolkit"
name = "click"
optional = false
python-versions = ">=2.7, !=3.0.*, !=3.1.*, !=3.2.*, !=3.3.*"
version = "7.0"

[[package]]
category = "dev"
description = "Cross-platform colored terminal text."
marker = "sys_platform == \"win32\""
name = "colorama"
optional = false
python-versions = ">=2.7, !=3.0.*, !=3.1.*, !=3.2.*, !=3.3.*"
version = "0.4.1"

[[package]]
category = "dev"
description = "Docutils -- Python Documentation Utilities"
name = "docutils"
optional = false
python-versions = ">=2.6, !=3.0.*, !=3.1.*, !=3.2.*"
version = "0.15.2"

[[package]]
category = "dev"
description = "File identification library for Python"
name = "identify"
optional = false
python-versions = ">=2.7, !=3.0.*, !=3.1.*, !=3.2.*, !=3.3.*"
version = "1.4.7"

[[package]]
category = "main"
description = "Internationalized Domain Names in Applications (IDNA)"
name = "idna"
optional = false
python-versions = ">=2.7, !=3.0.*, !=3.1.*, !=3.2.*, !=3.3.*"
version = "2.8"

[[package]]
category = "dev"
description = "Getting image size from png/jpeg/jpeg2000/gif file"
name = "imagesize"
optional = false
python-versions = ">=2.7, !=3.0.*, !=3.1.*, !=3.2.*, !=3.3.*"
version = "1.1.0"

[[package]]
category = "dev"
description = "Read metadata from Python packages"
name = "importlib-metadata"
optional = false
python-versions = ">=2.7,!=3.0,!=3.1,!=3.2,!=3.3"
version = "0.23"

[package.dependencies]
zipp = ">=0.5"

[[package]]
category = "dev"
description = "A small but fast and easy to use stand-alone template engine written in pure python."
name = "jinja2"
optional = false
python-versions = "*"
version = "2.10.1"

[package.dependencies]
MarkupSafe = ">=0.23"

[[package]]
category = "dev"
description = "Safely add untrusted strings to HTML/XML markup."
name = "markupsafe"
optional = false
python-versions = ">=2.7,!=3.0.*,!=3.1.*,!=3.2.*,!=3.3.*"
version = "1.1.1"

[[package]]
category = "dev"
description = "More routines for operating on iterables, beyond itertools"
name = "more-itertools"
optional = false
python-versions = ">=3.4"
version = "7.2.0"

[[package]]
category = "main"
description = "multidict implementation"
name = "multidict"
optional = false
python-versions = ">=3.4.1"
version = "4.5.2"

[[package]]
category = "dev"
description = "Node.js virtual environment builder"
name = "nodeenv"
optional = false
python-versions = "*"
version = "1.3.3"

[[package]]
category = "dev"
description = "Core utilities for Python packages"
name = "packaging"
optional = false
python-versions = ">=2.7, !=3.0.*, !=3.1.*, !=3.2.*, !=3.3.*"
version = "19.2"

[package.dependencies]
pyparsing = ">=2.0.2"
six = "*"

[[package]]
category = "dev"
description = "plugin and hook calling mechanisms for python"
name = "pluggy"
optional = false
python-versions = ">=2.7, !=3.0.*, !=3.1.*, !=3.2.*, !=3.3.*"
version = "0.13.0"

[package.dependencies]
[package.dependencies.importlib-metadata]
python = "<3.8"
version = ">=0.12"

[[package]]
category = "dev"
description = "A framework for managing and maintaining multi-language pre-commit hooks."
name = "pre-commit"
optional = false
python-versions = ">=2.7, !=3.0.*, !=3.1.*, !=3.2.*, !=3.3.*"
version = "1.18.3"

[package.dependencies]
"aspy.yaml" = "*"
cfgv = ">=2.0.0"
identify = ">=1.0.0"
importlib-metadata = "*"
nodeenv = ">=0.11.1"
pyyaml = "*"
six = "*"
toml = "*"
virtualenv = ">=15.2"

[[package]]
category = "dev"
description = "library with cross-python path, ini-parsing, io, code, log facilities"
name = "py"
optional = false
python-versions = ">=2.7, !=3.0.*, !=3.1.*, !=3.2.*, !=3.3.*"
version = "1.8.0"

[[package]]
category = "main"
description = "Python interface for c-ares"
marker = "extra == \"speedups\""
name = "pycares"
optional = false
python-versions = "*"
version = "3.0.0"

[package.dependencies]
cffi = ">=1.5.0"

[[package]]
category = "main"
description = "C parser in Python"
marker = "extra == \"speedups\""
name = "pycparser"
optional = false
python-versions = ">=2.7, !=3.0.*, !=3.1.*, !=3.2.*, !=3.3.*"
version = "2.19"

[[package]]
category = "main"
description = "Data validation and settings management using python 3.6 type hinting"
name = "pydantic"
optional = false
python-versions = ">=3.6"
version = "0.32.2"

[[package]]
category = "dev"
description = "Pygments is a syntax highlighting package written in Python."
name = "pygments"
optional = false
python-versions = ">=2.7, !=3.0.*, !=3.1.*, !=3.2.*, !=3.3.*, !=3.4.*"
version = "2.4.2"

[[package]]
category = "dev"
description = "Python parsing module"
name = "pyparsing"
optional = false
python-versions = ">=2.6, !=3.0.*, !=3.1.*, !=3.2.*"
version = "2.4.2"

[[package]]
category = "dev"
description = "pytest: simple powerful testing with Python"
name = "pytest"
optional = false
python-versions = ">=2.7, !=3.0.*, !=3.1.*, !=3.2.*, !=3.3.*"
version = "3.10.1"

[package.dependencies]
atomicwrites = ">=1.0"
attrs = ">=17.4.0"
colorama = "*"
more-itertools = ">=4.0.0"
pluggy = ">=0.7"
py = ">=1.5.0"
setuptools = "*"
six = ">=1.10.0"

[[package]]
category = "dev"
description = "World timezone definitions, modern and historical"
name = "pytz"
optional = false
python-versions = "*"
version = "2019.2"

[[package]]
category = "dev"
description = "YAML parser and emitter for Python"
name = "pyyaml"
optional = false
python-versions = ">=2.7, !=3.0.*, !=3.1.*, !=3.2.*, !=3.3.*"
version = "5.1.2"

[[package]]
category = "dev"
description = "Python HTTP for Humans."
name = "requests"
optional = false
python-versions = ">=2.7, !=3.0.*, !=3.1.*, !=3.2.*, !=3.3.*, !=3.4.*"
version = "2.22.0"

[package.dependencies]
certifi = ">=2017.4.17"
chardet = ">=3.0.2,<3.1.0"
idna = ">=2.5,<2.9"
urllib3 = ">=1.21.1,<1.25.0 || >1.25.0,<1.25.1 || >1.25.1,<1.26"

[[package]]
category = "dev"
description = "Python 2 and 3 compatibility utilities"
name = "six"
optional = false
python-versions = ">=2.6, !=3.0.*, !=3.1.*"
version = "1.12.0"

[[package]]
category = "dev"
description = "This package provides 26 stemmers for 25 languages generated from Snowball algorithms."
name = "snowballstemmer"
optional = false
python-versions = "*"
version = "1.9.1"

[[package]]
category = "dev"
description = "Python documentation generator"
name = "sphinx"
optional = false
python-versions = ">=3.5"
version = "2.2.0"

[package.dependencies]
Jinja2 = ">=2.3"
Pygments = ">=2.0"
alabaster = ">=0.7,<0.8"
babel = ">=1.3,<2.0 || >2.0"
colorama = ">=0.3.5"
docutils = ">=0.12"
imagesize = "*"
packaging = "*"
requests = ">=2.5.0"
setuptools = "*"
snowballstemmer = ">=1.1"
sphinxcontrib-applehelp = "*"
sphinxcontrib-devhelp = "*"
sphinxcontrib-htmlhelp = "*"
sphinxcontrib-jsmath = "*"
sphinxcontrib-qthelp = "*"
sphinxcontrib-serializinghtml = "*"

[[package]]
category = "dev"
description = ""
name = "sphinxcontrib-applehelp"
optional = false
python-versions = "*"
version = "1.0.1"

[[package]]
category = "dev"
description = ""
name = "sphinxcontrib-devhelp"
optional = false
python-versions = "*"
version = "1.0.1"

[[package]]
category = "dev"
description = ""
name = "sphinxcontrib-htmlhelp"
optional = false
python-versions = "*"
version = "1.0.2"

[[package]]
category = "dev"
description = "A sphinx extension which renders display math in HTML via JavaScript"
name = "sphinxcontrib-jsmath"
optional = false
python-versions = ">=3.5"
version = "1.0.1"

[[package]]
category = "dev"
description = ""
name = "sphinxcontrib-qthelp"
optional = false
python-versions = "*"
version = "1.0.2"

[[package]]
category = "dev"
description = ""
name = "sphinxcontrib-serializinghtml"
optional = false
python-versions = "*"
version = "1.1.3"

[[package]]
category = "main"
description = "Python Library for Tom's Obvious, Minimal Language"
name = "toml"
optional = false
python-versions = "*"
version = "0.10.0"

[[package]]
category = "dev"
description = "HTTP library with thread-safe connection pooling, file post, and more."
name = "urllib3"
optional = false
python-versions = ">=2.7, !=3.0.*, !=3.1.*, !=3.2.*, !=3.3.*, <4"
version = "1.25.5"

[[package]]
category = "dev"
description = "Virtual Python Environment builder"
name = "virtualenv"
optional = false
python-versions = ">=2.7, !=3.0.*, !=3.1.*, !=3.2.*, !=3.3.*"
version = "16.7.5"

[[package]]
category = "main"
description = "Yet another URL library"
name = "yarl"
optional = false
python-versions = ">=3.5.3"
version = "1.3.0"

[package.dependencies]
idna = ">=2.0"
multidict = ">=4.0"

[[package]]
category = "dev"
description = "Backport of pathlib-compatible object wrapper for zip files"
name = "zipp"
optional = false
python-versions = ">=2.7"
version = "0.6.0"

[package.dependencies]
more-itertools = "*"

[metadata]
content-hash = "5d4a1a8714304bca14ddf3ad67c30474e4ae4cde065e09e46d2a0025d89456b9"
python-versions = "^3.7"

[metadata.hashes]
aiodns = ["815fdef4607474295d68da46978a54481dd1e7be153c7d60f9e72773cd38d77d", "aaa5ac584f40fe778013df0aa6544bf157799bd3f608364b451840ed2c8688de"]
aiohttp = ["022c400e30848b1994236e31fb38db1dc4b551efe049f737cbac690ab2cdf5c4", "10f9316ef068536dec0b9f09531fa1cb6bfa8394f278022cb96e789c77811ad2", "2599b93fd5ba1120b3bd1366d67a7e26bd45b3d5d5548069e00b2fbef7f20ab0", "2a1c71e7fb8c50e60fb4c9bab8bd5cf7c07f91a6b27dc2556d7354cd2ebb3689", "6a19d34cc01414d94dd5a4466f8f397293fcb8929df8eeb8989119cc5ef928bb", "7aab39c2a61a5c6b15bb7e561218ef64770ca1fbf4cc1878c96e630e2b7cc3cc", "8959e28bc1b87542b0ee4a8302128f633bee296252f261bf03e118c4dff725f0", "89820f7c488f4e9b1f74371da33403181e11e006663ddf074317aacd690838a6", "ab761cf0f0b0b90887e276b4a7918f11e323f2228bbb30814bbd538c122028bf", "cc648ecaca79e37c6e26f370e802e7ae640a069913f661f66c0421084bef219a", "d6f26e80cd55ac88e1f0397fc8d547933225a5dc1add040e27788c2a028c64c6", "e7d6ae4a36bfe6d7f93c6f42a0bfa1659f7d011006cb6e8207c85ef5acdb2986", "fc55b1fec0e4cc1134ffb09ea3970783ee2906dc5dfd7cd16917913f2cfed65b"]
alabaster = ["446438bdcca0e05bd45ea2de1668c1d9b032e1a9154c2c259092d77031ddd359", "a661d72d58e6ea8a57f7a86e37d86716863ee5e92788398526d58b26a4e4dc02"]
"aspy.yaml" = ["463372c043f70160a9ec950c3f1e4c3a82db5fca01d334b6bc89c7164d744bdc", "e7c742382eff2caed61f87a39d13f99109088e5e93f04d76eb8d4b28aa143f45"]
async-timeout = ["0c3c816a028d47f659d6ff5c745cb2acf1f966da1fe5c19c77a70282b25f4c5f", "4291ca197d287d274d0b6cb5d6f8f8f82d434ed288f962539ff18cc9012f9ea3"]
atomicwrites = ["03472c30eb2c5d1ba9227e4c2ca66ab8287fbfbbda3888aa93dc2e28fc6811b4", "75a9445bac02d8d058d5e1fe689654ba5a6556a1dfd8ce6ec55a0ed79866cfa6"]
attrs = ["69c0dbf2ed392de1cb5ec704444b08a5ef81680a61cb899dc08127123af36a79", "f0b870f674851ecbfbbbd364d6b5cbdff9dcedbc7f3f5e18a6891057f21fe399"]
babel = ["af92e6106cb7c55286b25b38ad7695f8b4efb36a90ba483d7f7a6628c46158ab", "e86135ae101e31e2c8ec20a4e0c5220f4eed12487d5cf3f78be7e98d3a57fc28"]
brotlipy = ["07194f4768eb62a4f4ea76b6d0df6ade185e24ebd85877c351daa0a069f1111a", "091b299bf36dd6ef7a06570dbc98c0f80a504a56c5b797f31934d2ad01ae7d17", "09ec3e125d16749b31c74f021aba809541b3564e5359f8c265cbae442810b41a", "0be698678a114addcf87a4b9496c552c68a2c99bf93cf8e08f5738b392e82057", "0fa6088a9a87645d43d7e21e32b4a6bf8f7c3939015a50158c10972aa7f425b7", "1379347337dc3d20b2d61456d44ccce13e0625db2611c368023b4194d5e2477f", "1ea4e578241504b58f2456a6c69952c88866c794648bdc74baee74839da61d44", "2699945a0a992c04fc7dc7fa2f1d0575a2c8b4b769f2874a08e8eae46bef36ae", "2a80319ae13ea8dd60ecdc4f5ccf6da3ae64787765923256b62c598c5bba4121", "2e5c64522364a9ebcdf47c5744a5ddeb3f934742d31e61ebfbbc095460b47162", "36def0b859beaf21910157b4c33eb3b06d8ce459c942102f16988cca6ea164df", "3a3e56ced8b15fbbd363380344f70f3b438e0fd1fcf27b7526b6172ea950e867", "3c1d5e2cf945a46975bdb11a19257fa057b67591eb232f393d260e7246d9e571", "4e4638b49835d567d447a2cfacec109f9a777f219f071312268b351b6839436d", "50ca336374131cfad20612f26cc43c637ac0bfd2be3361495e99270883b52962", "5de6f7d010b7558f72f4b061a07395c5c3fd57f0285c5af7f126a677b976a868", "637847560d671657f993313ecc6c6c6666a936b7a925779fd044065c7bc035b9", "653faef61241bf8bf99d73ca7ec4baa63401ba7b2a2aa88958394869379d67c7", "786afc8c9bd67de8d31f46e408a3386331e126829114e4db034f91eacb05396d", "79aaf217072840f3e9a3b641cccc51f7fc23037496bd71e26211856b93f4b4cb", "7e31f7adcc5851ca06134705fcf3478210da45d35ad75ec181e1ce9ce345bb38", "8b39abc3256c978f575df5cd7893153277216474f303e26f0e43ba3d3969ef96", "9448227b0df082e574c45c983fa5cd4bda7bfb11ea6b59def0940c1647be0c3c", "96bc59ff9b5b5552843dc67999486a220e07a0522dddd3935da05dc194fa485c", "a07647886e24e2fb2d68ca8bf3ada398eb56fd8eac46c733d4d95c64d17f743b", "af65d2699cb9f13b26ec3ba09e75e80d31ff422c03675fcb36ee4dabe588fdc2", "b4c98b0d2c9c7020a524ca5bbff42027db1004c6571f8bc7b747f2b843128e7a", "c6cc0036b1304dd0073eec416cb2f6b9e37ac8296afd9e481cac3b1f07f9db25", "d2c1c724c4ac375feb2110f1af98ecdc0e5a8ea79d068efb5891f621a5b235cb", "dc6c5ee0df9732a44d08edab32f8a616b769cc5a4155a12d2d010d248eb3fb07", "fd1d1c64214af5d90014d82cee5d8141b13d44c92ada7a0c0ec0679c6f15a471"]
cchardet = ["079aa02a14072874d943a671ba778a9def5b0e3cedc2ac9f59308526cfb31472", "3e048a21688dcb4c797f40c8deb3600887bcaf435620256fd8becd4252012750", "41fced7a6f05ef859fe3eac89fc2120aca3cbbfd2b6c803bed3ee4bf02956903", "440903d5dca3d326f4b841e7fa760b6af1be4f950ead1a6ff77b76eaa46f0cd3", "50170f346527c5df4d3cb94648ca187c666e61c0db6e510b984e867c44709d8b", "6c55a6e7bc7337671c9f1ad90746c0efb2b2979ff4305c7ca1d7d381f05174c1", "7f581ea172b252034f745dfd49733966b73b73907bdef0b47ad5f2008b797d54", "80f7b087198827e60c81574c321b12f89188eae626ae1567d66808928be42f88", "8ba753ff73ca2f3554999a0e027eab9450f6ffdb7e92e1b4e13b52be89995349", "9ad8f61d6d1ca37bd4b954ad92d461ea4f58d0dc413b0790a5abed7c09e54996", "a35bd23cedbaa87cc9300af1dd10bb03fda41894045fbca7bfdf1d350b813f25", "a8feb9a7def2310e18c27e485a21a38669abe8c2e36b93c6ce1a1363495d4cdf", "aa9dd4cee8a5210a6d0a7b263b98dc50637e00401fc4a5ad3ce2dbef54fdfa02", "ab9858a0673262e467619df91f425cfef0590dcf5deef5c0c7945e9dc4dbd7d8", "b09a488bbb35be95f82845e3c4312be9025e8377975b027eee67e0b39445e070", "b2893d558761b3534cddf5a49ba8d77df3d8f964d7b14680b925f4a85fc13476", "b5a8f9b229a30cd2432572d15e169483bc47c24418772ff58d0585050631c2fd", "bded54eeccd5f810bc69e076b3d9a35819a92e5e0559ad274b9ae9061b1b881d", "cbc206061e69561af6e4cba11f99abd928346c6b5bcdc83eb32ae40e9fc23a5f", "cc9745e0400da4cfb49f075e7819f22473b66443f953427058fee2c7b9547cc0", "db30bf3825702c07fc55a290d41663fd8151f870642a15667bbabf81fff21e0b", "eeeb1b95bb5851dda93ee522860a0e6066d47921cb1d540cb778346e37e5a524", "f1c3919fb71ac5da3aeee42c5b731c99dcd2beed71db7fdc28ca993c173f0402"]
certifi = ["e4f3620cfea4f83eedc95b24abd9cd56f3c4b146dd0177e83a21b4eb49e21e50", "fd7c7c74727ddcf00e9acd26bba8da604ffec95bf1c2144e67aff7a8b50e6cef"]
cffi = ["041c81822e9f84b1d9c401182e174996f0bae9991f33725d059b771744290774", "046ef9a22f5d3eed06334d01b1e836977eeef500d9b78e9ef693f9380ad0b83d", "066bc4c7895c91812eff46f4b1c285220947d4aa46fa0a2651ff85f2afae9c90", "066c7ff148ae33040c01058662d6752fd73fbc8e64787229ea8498c7d7f4041b", "2444d0c61f03dcd26dbf7600cf64354376ee579acad77aef459e34efcb438c63", "300832850b8f7967e278870c5d51e3819b9aad8f0a2c8dbe39ab11f119237f45", "34c77afe85b6b9e967bd8154e3855e847b70ca42043db6ad17f26899a3df1b25", "46de5fa00f7ac09f020729148ff632819649b3e05a007d286242c4882f7b1dc3", "4aa8ee7ba27c472d429b980c51e714a24f47ca296d53f4d7868075b175866f4b", "4d0004eb4351e35ed950c14c11e734182591465a33e960a4ab5e8d4f04d72647", "4e3d3f31a1e202b0f5a35ba3bc4eb41e2fc2b11c1eff38b362de710bcffb5016", "50bec6d35e6b1aaeb17f7c4e2b9374ebf95a8975d57863546fa83e8d31bdb8c4", "55cad9a6df1e2a1d62063f79d0881a414a906a6962bc160ac968cc03ed3efcfb", "5662ad4e4e84f1eaa8efce5da695c5d2e229c563f9d5ce5b0113f71321bcf753", "59b4dc008f98fc6ee2bb4fd7fc786a8d70000d058c2bbe2698275bc53a8d3fa7", "73e1ffefe05e4ccd7bcea61af76f36077b914f92b76f95ccf00b0c1b9186f3f9", "a1f0fd46eba2d71ce1589f7e50a9e2ffaeb739fb2c11e8192aa2b45d5f6cc41f", "a2e85dc204556657661051ff4bab75a84e968669765c8a2cd425918699c3d0e8", "a5457d47dfff24882a21492e5815f891c0ca35fefae8aa742c6c263dac16ef1f", "a8dccd61d52a8dae4a825cdbb7735da530179fea472903eb871a5513b5abbfdc", "ae61af521ed676cf16ae94f30fe202781a38d7178b6b4ab622e4eec8cefaff42", "b012a5edb48288f77a63dba0840c92d0504aa215612da4541b7b42d849bc83a3", "d2c5cfa536227f57f97c92ac30c8109688ace8fa4ac086d19d0af47d134e2909", "d42b5796e20aacc9d15e66befb7a345454eef794fdb0737d1af593447c6c8f45", "dee54f5d30d775f525894d67b1495625dd9322945e7fee00731952e0368ff42d", "e070535507bd6aa07124258171be2ee8dfc19119c28ca94c9dfb7efd23564512", "e1ff2748c84d97b065cc95429814cdba39bcbd77c9c85c89344b317dc0d9cbff", "ed851c75d1e0e043cbf5ca9a8e1b13c4c90f3fbd863dacb01c0808e2b5204201"]
cfgv = ["edb387943b665bf9c434f717bf630fa78aecd53d5900d2e05da6ad6048553144", "fbd93c9ab0a523bf7daec408f3be2ed99a980e20b2d19b50fc184ca6b820d289"]
chardet = ["84ab92ed1c4d4f16916e05906b6b75a6c0fb5db821cc65e70cbd64a3e2a5eaae", "fc323ffcaeaed0e0a02bf4d117757b98aed530d9ed4531e3e15460124c106691"]
click = ["2335065e6395b9e67ca716de5f7526736bfa6ceead690adf616d925bdc622b13", "5b94b49521f6456670fdb30cd82a4eca9412788a93fa6dd6df72c94d5a8ff2d7"]
colorama = ["05eed71e2e327246ad6b38c540c4a3117230b19679b875190486ddd2d721422d", "f8ac84de7840f5b9c4e3347b3c1eaa50f7e49c2b07596221daec5edaabbd7c48"]
docutils = ["6c4f696463b79f1fb8ba0c594b63840ebd41f059e92b31957c46b74a4599b6d0", "9e4d7ecfc600058e07ba661411a2b7de2fd0fafa17d1a7f7361cd47b1175c827", "a2aeea129088da402665e92e0b25b04b073c04b2dce4ab65caaa38b7ce2e1a99"]
identify = ["4f1fe9a59df4e80fcb0213086fcf502bc1765a01ea4fe8be48da3b65afd2a017", "d8919589bd2a5f99c66302fec0ef9027b12ae150b0b0213999ad3f695fc7296e"]
idna = ["c357b3f628cf53ae2c4c05627ecc484553142ca23264e593d327bcde5e9c3407", "ea8b7f6188e6fa117537c3df7da9fc686d485087abf6ac197f9c46432f7e4a3c"]
imagesize = ["3f349de3eb99145973fefb7dbe38554414e5c30abd0c8e4b970a7c9d09f3a1d8", "f3832918bc3c66617f92e35f5d70729187676313caa60c187eb0f28b8fe5e3b5"]
importlib-metadata = ["aa18d7378b00b40847790e7c27e11673d7fed219354109d0e7b9e5b25dc3ad26", "d5f18a79777f3aa179c145737780282e27b508fc8fd688cb17c7a813e8bd39af"]
jinja2 = ["065c4f02ebe7f7cf559e49ee5a95fb800a9e4528727aec6f24402a5374c65013", "14dd6caf1527abb21f08f86c784eac40853ba93edb79552aa1e4b8aef1b61c7b"]
markupsafe = ["00bc623926325b26bb9605ae9eae8a215691f33cae5df11ca5424f06f2d1f473", "09027a7803a62ca78792ad89403b1b7a73a01c8cb65909cd876f7fcebd79b161", "09c4b7f37d6c648cb13f9230d847adf22f8171b1ccc4d5682398e77f40309235", "1027c282dad077d0bae18be6794e6b6b8c91d58ed8a8d89a89d59693b9131db5", "24982cc2533820871eba85ba648cd53d8623687ff11cbb805be4ff7b4c971aff", "29872e92839765e546828bb7754a68c418d927cd064fd4708fab9fe9c8bb116b", "43a55c2930bbc139570ac2452adf3d70cdbb3cfe5912c71cdce1c2c6bbd9c5d1", "46c99d2de99945ec5cb54f23c8cd5689f6d7177305ebff350a58ce5f8de1669e", "500d4957e52ddc3351cabf489e79c91c17f6e0899158447047588650b5e69183", "535f6fc4d397c1563d08b88e485c3496cf5784e927af890fb3c3aac7f933ec66", "62fe6c95e3ec8a7fad637b7f3d372c15ec1caa01ab47926cfdf7a75b40e0eac1", "6dd73240d2af64df90aa7c4e7481e23825ea70af4b4922f8ede5b9e35f78a3b1", "717ba8fe3ae9cc0006d7c451f0bb265ee07739daf76355d06366154ee68d221e", "79855e1c5b8da654cf486b830bd42c06e8780cea587384cf6545b7d9ac013a0b", "7c1699dfe0cf8ff607dbdcc1e9b9af1755371f92a68f706051cc8c37d447c905", "88e5fcfb52ee7b911e8bb6d6aa2fd21fbecc674eadd44118a9cc3863f938e735", "8defac2f2ccd6805ebf65f5eeb132adcf2ab57aa11fdf4c0dd5169a004710e7d", "98c7086708b163d425c67c7a91bad6e466bb99d797aa64f965e9d25c12111a5e", "9add70b36c5666a2ed02b43b335fe19002ee5235efd4b8a89bfcf9005bebac0d", "9bf40443012702a1d2070043cb6291650a0841ece432556f784f004937f0f32c", "ade5e387d2ad0d7ebf59146cc00c8044acbd863725f887353a10df825fc8ae21", "b00c1de48212e4cc9603895652c5c410df699856a2853135b3967591e4beebc2", "b1282f8c00509d99fef04d8ba936b156d419be841854fe901d8ae224c59f0be5", "b2051432115498d3562c084a49bba65d97cf251f5a331c64a12ee7e04dacc51b", "ba59edeaa2fc6114428f1637ffff42da1e311e29382d81b339c1817d37ec93c6", "c8716a48d94b06bb3b2524c2b77e055fb313aeb4ea620c8dd03a105574ba704f", "cd5df75523866410809ca100dc9681e301e3c27567cf498077e8551b6d20e42f", "e249096428b3ae81b08327a63a485ad0878de3fb939049038579ac0ef61e17e7"]
more-itertools = ["409cd48d4db7052af495b09dec721011634af3753ae1ef92d2b32f73a745f832", "92b8c4b06dac4f0611c0729b2f2ede52b2e1bac1ab48f089c7ddc12e26bb60c4"]
multidict = ["024b8129695a952ebd93373e45b5d341dbb87c17ce49637b34000093f243dd4f", "041e9442b11409be5e4fc8b6a97e4bcead758ab1e11768d1e69160bdde18acc3", "045b4dd0e5f6121e6f314d81759abd2c257db4634260abcfe0d3f7083c4908ef", "047c0a04e382ef8bd74b0de01407e8d8632d7d1b4db6f2561106af812a68741b", "068167c2d7bbeebd359665ac4fff756be5ffac9cda02375b5c5a7c4777038e73", "148ff60e0fffa2f5fad2eb25aae7bef23d8f3b8bdaf947a65cdbe84a978092bc", "1d1c77013a259971a72ddaa83b9f42c80a93ff12df6a4723be99d858fa30bee3", "1d48bc124a6b7a55006d97917f695effa9725d05abe8ee78fd60d6588b8344cd", "31dfa2fc323097f8ad7acd41aa38d7c614dd1960ac6681745b6da124093dc351", "34f82db7f80c49f38b032c5abb605c458bac997a6c3142e0d6c130be6fb2b941", "3d5dd8e5998fb4ace04789d1d008e2bb532de501218519d70bb672c4c5a2fc5d", "4a6ae52bd3ee41ee0f3acf4c60ceb3f44e0e3bc52ab7da1c2b2aa6703363a3d1", "4b02a3b2a2f01d0490dd39321c74273fed0568568ea0e7ea23e02bd1fb10a10b", "4b843f8e1dd6a3195679d9838eb4670222e8b8d01bc36c9894d6c3538316fa0a", "5de53a28f40ef3c4fd57aeab6b590c2c663de87a5af76136ced519923d3efbb3", "61b2b33ede821b94fa99ce0b09c9ece049c7067a33b279f343adfe35108a4ea7", "6a3a9b0f45fd75dc05d8e93dc21b18fc1670135ec9544d1ad4acbcf6b86781d0", "76ad8e4c69dadbb31bad17c16baee61c0d1a4a73bed2590b741b2e1a46d3edd0", "7ba19b777dc00194d1b473180d4ca89a054dd18de27d0ee2e42a103ec9b7d014", "7c1b7eab7a49aa96f3db1f716f0113a8a2e93c7375dd3d5d21c4941f1405c9c5", "7fc0eee3046041387cbace9314926aa48b681202f8897f8bff3809967a049036", "8ccd1c5fff1aa1427100ce188557fc31f1e0a383ad8ec42c559aabd4ff08802d", "8e08dd76de80539d613654915a2f5196dbccc67448df291e69a88712ea21e24a", "c18498c50c59263841862ea0501da9f2b3659c00db54abfbf823a80787fde8ce", "c49db89d602c24928e68c0d510f4fcf8989d77defd01c973d6cbe27e684833b1", "ce20044d0317649ddbb4e54dab3c1bcc7483c78c27d3f58ab3d0c7e6bc60d26a", "d1071414dd06ca2eafa90c85a079169bfeb0e5f57fd0b45d44c092546fcd6fd9", "d3be11ac43ab1a3e979dac80843b42226d5d3cccd3986f2e03152720a4297cd7", "db603a1c235d110c860d5f39988ebc8218ee028f07a7cbc056ba6424372ca31b"]
nodeenv = ["ad8259494cf1c9034539f6cced78a1da4840a4b157e23640bc4a0c0546b0cb7a"]
packaging = ["28b924174df7a2fa32c1953825ff29c61e2f5e082343165438812f00d3a7fc47", "d9551545c6d761f3def1677baf08ab2a3ca17c56879e70fecba2fc4dde4ed108"]
pluggy = ["0db4b7601aae1d35b4a033282da476845aa19185c1e6964b25cf324b5e4ec3e6", "fa5fa1622fa6dd5c030e9cad086fa19ef6a0cf6d7a2d12318e10cb49d6d68f34"]
pre-commit = ["1d3c0587bda7c4e537a46c27f2c84aa006acc18facf9970bf947df596ce91f3f", "fa78ff96e8e9ac94c748388597693f18b041a181c94a4f039ad20f45287ba44a"]
py = ["64f65755aee5b381cea27766a3a147c3f15b9b6b9ac88676de66ba2ae36793fa", "dc639b046a6e2cff5bbe40194ad65936d6ba360b52b3c3fe1d08a82dd50b5e53"]
pycares = ["2ca080db265ea238dc45f997f94effb62b979a617569889e265c26a839ed6305", "6f79c6afb6ce603009db2042fddc2e348ad093ece9784cbe2daa809499871a23", "70918d06eb0603016d37092a5f2c0228509eb4e6c5a3faacb4184f6ab7be7650", "755187d28d24a9ea63aa2b4c0638be31d65fbf7f0ce16d41261b9f8cb55a1b99", "7baa4b1f2146eb8423ff8303ebde3a20fb444a60db761fba0430d104fe35ddbf", "90b27d4df86395f465a171386bc341098d6d47b65944df46518814ae298f6cc6", "9e090dd6b2afa65cb51c133883b2bf2240fd0f717b130b0048714b33fb0f47ce", "a11b7d63c3718775f6e805d6464cb10943780395ab042c7e5a0a7a9f612735dd", "b253f5dcaa0ac7076b79388a3ac80dd8f3bd979108f813baade40d3a9b8bf0bd", "c7f4f65e44ba35e35ad3febc844270665bba21cfb0fb7d749434e705b556e087", "cdb342e6a254f035bd976d95807a2184038fc088d957a5104dcaab8be602c093", "cf08e164f8bfb83b9fe633feb56f2754fae6baefcea663593794fa0518f8f98c", "df9bc694cf03673878ea8ce674082c5acd134991d64d6c306d4bd61c0c1df98f"]
pycparser = ["a988718abfad80b6b157acce7bf130a30876d27603738ac39f140993246b25b3"]
pydantic = ["18598557f0d9ab46173045910ed50458c4fb4d16153c23346b504d7a5b679f77", "6a9335c968e13295430a208487e74d69fef40168b72dea8d975765d14e2da660", "6f5eb88fe4c21380aa064b7d249763fc6306f0b001d7e7d52d80866d1afc9ed3", "bc6c6a78647d7a65a493e1107572d993f26a652c49183201e3c7d23924bf7311", "e1a63b4e6bf8820833cb6fa239ffbe8eec57ccdd7d66359eff20e68a83c1deeb", "ede2d65ae33788d4e26e12b330b4a32c53cb14131c65bca3a59f037c73f6ee7a"]
pygments = ["71e430bc85c88a430f000ac1d9b331d2407f681d6f6aec95e8bcfbc3df5b0127", "881c4c157e45f30af185c1ffe8d549d48ac9127433f2c380c24b84572ad66297"]
pyparsing = ["6f98a7b9397e206d78cc01df10131398f1c8b8510a2f4d97d9abd82e1aacdd80", "d9338df12903bbf5d65a0e4e87c2161968b10d2e489652bb47001d82a9b028b4"]
pytest = ["3f193df1cfe1d1609d4c583838bea3d532b18d6160fd3f55c9447fdca30848ec", "e246cf173c01169b9617fc07264b7b1316e78d7a650055235d6d897bc80d9660"]
pytz = ["26c0b32e437e54a18161324a2fca3c4b9846b74a8dccddd843113109e1116b32", "c894d57500a4cd2d5c71114aaab77dbab5eabd9022308ce5ac9bb93a60a6f0c7"]
pyyaml = ["0113bc0ec2ad727182326b61326afa3d1d8280ae1122493553fd6f4397f33df9", "01adf0b6c6f61bd11af6e10ca52b7d4057dd0be0343eb9283c878cf3af56aee4", "5124373960b0b3f4aa7df1707e63e9f109b5263eca5976c66e08b1c552d4eaf8", "5ca4f10adbddae56d824b2c09668e91219bb178a1eee1faa56af6f99f11bf696", "7907be34ffa3c5a32b60b95f4d95ea25361c951383a894fec31be7252b2b6f34", "7ec9b2a4ed5cad025c2278a1e6a19c011c80a3caaac804fd2d329e9cc2c287c9", "87ae4c829bb25b9fe99cf71fbb2140c448f534e24c998cc60f39ae4f94396a73", "9de9919becc9cc2ff03637872a440195ac4241c80536632fffeb6a1e25a74299", "a5a85b10e450c66b49f98846937e8cfca1db3127a9d5d1e31ca45c3d0bef4c5b", "b0997827b4f6a7c286c01c5f60384d218dca4ed7d9efa945c3e1aa623d5709ae", "b631ef96d3222e62861443cc89d6563ba3eeb816eeb96b2629345ab795e53681", "bf47c0607522fdbca6c9e817a6e81b08491de50f3766a7a0e6a5be7905961b41", "f81025eddd0327c7d4cfe9b62cf33190e1e736cc6e97502b3ec425f574b3e7a8"]
requests = ["11e007a8a2aa0323f5a921e9e6a2d7e4e67d9877e85773fba9ba6419025cbeb4", "9cf5292fcd0f598c671cfc1e0d7d1a7f13bb8085e9a590f48c010551dc6c4b31"]
six = ["3350809f0555b11f552448330d0b52d5f24c91a322ea4a15ef22629740f3761c", "d16a0141ec1a18405cd4ce8b4613101da75da0e9a7aec5bdd4fa804d0e0eba73"]
snowballstemmer = ["713e53b79cbcf97bc5245a06080a33d54a77e7cce2f789c835a143bcdb5c033e"]
sphinx = ["0d586b0f8c2fc3cc6559c5e8fd6124628110514fda0e5d7c82e682d749d2e845", "839a3ed6f6b092bb60f492024489cc9e6991360fb9f52ed6361acd510d261069"]
sphinxcontrib-applehelp = ["edaa0ab2b2bc74403149cb0209d6775c96de797dfd5b5e2a71981309efab3897", "fb8dee85af95e5c30c91f10e7eb3c8967308518e0f7488a2828ef7bc191d0d5d"]
sphinxcontrib-devhelp = ["6c64b077937330a9128a4da74586e8c2130262f014689b4b89e2d08ee7294a34", "9512ecb00a2b0821a146736b39f7aeb90759834b07e81e8cc23a9c70bacb9981"]
sphinxcontrib-htmlhelp = ["4670f99f8951bd78cd4ad2ab962f798f5618b17675c35c5ac3b2132a14ea8422", "d4fd39a65a625c9df86d7fa8a2d9f3cd8299a3a4b15db63b50aac9e161d8eff7"]
sphinxcontrib-jsmath = ["2ec2eaebfb78f3f2078e73666b1415417a116cc848b72e5172e596c871103178", "a9925e4a4587247ed2191a22df5f6970656cb8ca2bd6284309578f2153e0c4b8"]
sphinxcontrib-qthelp = ["513049b93031beb1f57d4daea74068a4feb77aa5630f856fcff2e50de14e9a20", "79465ce11ae5694ff165becda529a600c754f4bc459778778c7017374d4d406f"]
sphinxcontrib-serializinghtml = ["c0efb33f8052c04fd7a26c0a07f1678e8512e0faec19f4aa8f2473a8b81d5227", "db6615af393650bf1151a6cd39120c29abaf93cc60db8c48eb2dddbfdc3a9768"]
toml = ["229f81c57791a41d65e399fc06bf0848bab550a9dfd5ed66df18ce5f05e73d5c", "235682dd292d5899d361a811df37e04a8828a5b1da3115886b73cf81ebc9100e", "f1db651f9657708513243e61e6cc67d101a39bad662eaa9b5546f789338e07a3"]
urllib3 = ["2f3eadfea5d92bc7899e75b5968410b749a054b492d5a6379c1344a1481bc2cb", "9c6c593cb28f52075016307fc26b0a0f8e82bc7d1ff19aaaa959b91710a56c47"]
virtualenv = ["680af46846662bb38c5504b78bad9ed9e4f3ba2d54f54ba42494fdf94337fe30", "f78d81b62d3147396ac33fc9d77579ddc42cc2a98dd9ea38886f616b33bc7fb2"]
yarl = ["024ecdc12bc02b321bc66b41327f930d1c2c543fa9a561b39861da9388ba7aa9", "2f3010703295fbe1aec51023740871e64bb9664c789cba5a6bdf404e93f7568f", "3890ab952d508523ef4881457c4099056546593fa05e93da84c7250516e632eb", "3e2724eb9af5dc41648e5bb304fcf4891adc33258c6e14e2a7414ea32541e320", "5badb97dd0abf26623a9982cd448ff12cb39b8e4c94032ccdedf22ce01a64842", "73f447d11b530d860ca1e6b582f947688286ad16ca42256413083d13f260b7a0", "7ab825726f2940c16d92aaec7d204cfc34ac26c0040da727cf8ba87255a33829", "b25de84a8c20540531526dfbb0e2d2b648c13fd5dd126728c496d7c3fea33310", "c6e341f5a6562af74ba55205dbd56d248daf1b5748ec48a0200ba227bb9e33f4", "c9bb7c249c4432cd47e75af3864bc02d26c9594f49c82e2a28624417f0ae63b8", "e060906c0c585565c718d1c3841747b61c5439af2211e185f6739a9412dfbde1"]
zipp = ["3718b1cbcd963c7d4c5511a8240812904164b7f381b647143a89d3b98f9bcd8e", "f06903e9f1f43b12d371004b4ac7b06ab39a44adc747266928ae6debfa7b3335"]
